
Microsoft Visual Studio Solution File, Format Version 12.00
# Visual Studio 15
VisualStudioVersion = 15.0.28010.2048
MinimumVisualStudioVersion = 10.0.40219.1
Project("{FAE04EC0-301F-11D3-BF4B-00C04F79EFBC}") = "trishaSaldanha", "trishaSaldanha\trishaSaldanha.csproj", "{9F20C79C-830B-423E-9196-97340CC9CBD3}"
EndProject
Global
	GlobalSection(SolutionConfigurationPlatforms) = preSolution
		Debug|Any CPU = Debug|Any CPU
		Release|Any CPU = Release|Any CPU
	EndGlobalSection
	GlobalSection(ProjectConfigurationPlatforms) = postSolution
		{9F20C79C-830B-423E-9196-97340CC9CBD3}.Debug|Any CPU.ActiveCfg = Debug|Any CPU
		{9F20C79C-830B-423E-9196-97340CC9CBD3}.Debug|Any CPU.Build.0 = Debug|Any CPU
		{9F20C79C-830B-423E-9196-97340CC9CBD3}.Release|Any CPU.ActiveCfg = Release|Any CPU
		{9F20C79C-830B-423E-9196-97340CC9CBD3}.Release|Any CPU.Build.0 = Release|Any CPU
	EndGlobalSection
	GlobalSection(SolutionProperties) = preSolution
		HideSolutionNode = FALSE
	EndGlobalSection
	GlobalSection(ExtensibilityGlobals) = postSolution
		SolutionGuid = {846478B9-CDE2-4606-A951-3ACEE8A90122}
	EndGlobalSection
EndGlobal
